
Microsoft Visual Studio Solution File, Format Version 12.00
# Visual Studio 15
VisualStudioVersion = 15.0.28010.2003
MinimumVisualStudioVersion = 10.0.40219.1
Project("{FAE04EC0-301F-11D3-BF4B-00C04F79EFBC}") = "CG 6-5 Horosocope", "CG 6-5 Horosocope\CG 6-5 Horosocope.csproj", "{3D2B8C45-9453-48A5-AD1D-23A07DF3DE73}"
EndProject
Global
	GlobalSection(SolutionConfigurationPlatforms) = preSolution
		Debug|Any CPU = Debug|Any CPU
		Release|Any CPU = Release|Any CPU
	EndGlobalSection
	GlobalSection(ProjectConfigurationPlatforms) = postSolution
		{3D2B8C45-9453-48A5-AD1D-23A07DF3DE73}.Debug|Any CPU.ActiveCfg = Debug|Any CPU
		{3D2B8C45-9453-48A5-AD1D-23A07DF3DE73}.Debug|Any CPU.Build.0 = Debug|Any CPU
		{3D2B8C45-9453-48A5-AD1D-23A07DF3DE73}.Release|Any CPU.ActiveCfg = Release|Any CPU
		{3D2B8C45-9453-48A5-AD1D-23A07DF3DE73}.Release|Any CPU.Build.0 = Release|Any CPU
	EndGlobalSection
	GlobalSection(SolutionProperties) = preSolution
		HideSolutionNode = FALSE
	EndGlobalSection
	GlobalSection(ExtensibilityGlobals) = postSolution
		SolutionGuid = {F781C6C4-8664-4039-9D8F-AF063733A592}
	EndGlobalSection
EndGlobal
